// !$*UTF8*$!
{
	archiveVersion = 1;
	classes = {
	};
	objectVersion = 48;
	objects = {

/* Begin PBXBuildFile section */
		219261B31FEC6E5A00F09045 /* AppDelegate.swift in Sources */ = {isa = PBXBuildFile; fileRef = 219261B21FEC6E5A00F09045 /* AppDelegate.swift */; };
		219261B51FEC6E5A00F09045 /* TodoListViewController.swift in Sources */ = {isa = PBXBuildFile; fileRef = 219261B41FEC6E5A00F09045 /* TodoListViewController.swift */; };
		219261BA1FEC6E5A00F09045 /* Assets.xcassets in Resources */ = {isa = PBXBuildFile; fileRef = 219261B91FEC6E5A00F09045 /* Assets.xcassets */; };
		219261BD1FEC6E5A00F09045 /* LaunchScreen.storyboard in Resources */ = {isa = PBXBuildFile; fileRef = 219261BB1FEC6E5A00F09045 /* LaunchScreen.storyboard */; };
		219261C61FEC716200F09045 /* TodoListTableViewCell.swift in Sources */ = {isa = PBXBuildFile; fileRef = 219261C51FEC716200F09045 /* TodoListTableViewCell.swift */; };
		219261C91FEC71B300F09045 /* Structs.swift in Sources */ = {isa = PBXBuildFile; fileRef = 219261C81FEC71B300F09045 /* Structs.swift */; };
		219261CB1FEC740000F09045 /* Extensions.swift in Sources */ = {isa = PBXBuildFile; fileRef = 219261CA1FEC740000F09045 /* Extensions.swift */; };
		219261CE1FEC90F500F09045 /* NewTodoTableViewController.swift in Sources */ = {isa = PBXBuildFile; fileRef = 219261CD1FEC90F500F09045 /* NewTodoTableViewController.swift */; };
/* End PBXBuildFile section */

/* Begin PBXFileReference section */
		219261AF1FEC6E5A00F09045 /* To-Do List.app */ = {isa = PBXFileReference; explicitFileType = wrapper.application; includeInIndex = 0; path = "To-Do List.app"; sourceTree = BUILT_PRODUCTS_DIR; };
		219261B21FEC6E5A00F09045 /* AppDelegate.swift */ = {isa = PBXFileReference; lastKnownFileType = sourcecode.swift; path = AppDelegate.swift; sourceTree = "<group>"; };
		219261B41FEC6E5A00F09045 /* TodoListViewController.swift */ = {isa = PBXFileReference; lastKnownFileType = sourcecode.swift; path = TodoListViewController.swift; sourceTree = "<group>"; };
		219261B91FEC6E5A00F09045 /* Assets.xcassets */ = {isa = PBXFileReference; lastKnownFileType = folder.assetcatalog; path = Assets.xcassets; sourceTree = "<group>"; };
		219261BC1FEC6E5A00F09045 /* Base */ = {isa = PBXFileReference; lastKnownFileType = file.storyboard; name = Base; path = Base.lproj/LaunchScreen.storyboard; sourceTree = "<group>"; };
		219261BE1FEC6E5A00F09045 /* Info.plist */ = {isa = PBXFileReference; lastKnownFileType = text.plist.xml; path = Info.plist; sourceTree = "<group>"; };
		219261C51FEC716200F09045 /* TodoListTableViewCell.swift */ = {isa = PBXFileReference; lastKnownFileType = sourcecode.swift; path = TodoListTableViewCell.swift; sourceTree = "<group>"; };
		219261C81FEC71B300F09045 /* Structs.swift */ = {isa = PBXFileReference; lastKnownFileType = sourcecode.swift; path = Structs.swift; sourceTree = "<group>"; };
		219261CA1FEC740000F09045 /* Extensions.swift */ = {isa = PBXFileReference; lastKnownFileType = sourcecode.swift; path = Extensions.swift; sourceTree = "<group>"; };
		219261CD1FEC90F500F09045 /* NewTodoTableViewController.swift */ = {isa = PBXFileReference; lastKnownFileType = sourcecode.swift; path = NewTodoTableViewController.swift; sourceTree = "<group>"; };
/* End PBXFileReference section */

/* Begin PBXFrameworksBuildPhase section */
		219261AC1FEC6E5A00F09045 /* Frameworks */ = {
			isa = PBXFrameworksBuildPhase;
			buildActionMask = 2147483647;
			files = (
			);
			runOnlyForDeploymentPostprocessing = 0;
		};
/* End PBXFrameworksBuildPhase section */

/* Begin PBXGroup section */
		219261A61FEC6E5A00F09045 = {
			isa = PBXGroup;
			children = (
				219261B11FEC6E5A00F09045 /* To-Do List */,
				219261B01FEC6E5A00F09045 /* Products */,
			);
			sourceTree = "<group>";
		};
		219261B01FEC6E5A00F09045 /* Products */ = {
			isa = PBXGroup;
			children = (
				219261AF1FEC6E5A00F09045 /* To-Do List.app */,
			);
			name = Products;
			sourceTree = "<group>";
		};
		219261B11FEC6E5A00F09045 /* To-Do List */ = {
			isa = PBXGroup;
			children = (
				219261B21FEC6E5A00F09045 /* AppDelegate.swift */,
				219261C81FEC71B300F09045 /* Structs.swift */,
				219261CA1FEC740000F09045 /* Extensions.swift */,
				219261C41FEC713F00F09045 /* Cells */,
				219261CC1FEC90BD00F09045 /* View Controller */,
				219261B91FEC6E5A00F09045 /* Assets.xcassets */,
				219261BB1FEC6E5A00F09045 /* LaunchScreen.storyboard */,
				219261BE1FEC6E5A00F09045 /* Info.plist */,
			);
			path = "To-Do List";
			sourceTree = "<group>";
		};
		219261C41FEC713F00F09045 /* Cells */ = {
			isa = PBXGroup;
			children = (
				219261C51FEC716200F09045 /* TodoListTableViewCell.swift */,
			);
			path = Cells;
			sourceTree = "<group>";
		};
		219261CC1FEC90BD00F09045 /* View Controller */ = {
			isa = PBXGroup;
			children = (
				219261B41FEC6E5A00F09045 /* TodoListViewController.swift */,
				219261CD1FEC90F500F09045 /* NewTodoTableViewController.swift */,
			);
			path = "View Controller";
			sourceTree = "<group>";
		};
/* End PBXGroup section */

/* Begin PBXNativeTarget section */
		219261AE1FEC6E5A00F09045 /* To-Do List */ = {
			isa = PBXNativeTarget;
			buildConfigurationList = 219261C11FEC6E5A00F09045 /* Build configuration list for PBXNativeTarget "To-Do List" */;
			buildPhases = (
				219261AB1FEC6E5A00F09045 /* Sources */,
				219261AC1FEC6E5A00F09045 /* Frameworks */,
				219261AD1FEC6E5A00F09045 /* Resources */,
			);
			buildRules = (
			);
			dependencies = (
			);
			name = "To-Do List";
			productName = "To-Do List";
			productReference = 219261AF1FEC6E5A00F09045 /* To-Do List.app */;
			productType = "com.apple.product-type.application";
		};
/* End PBXNativeTarget section */

/* Begin PBXProject section */
		219261A71FEC6E5A00F09045 /* Project object */ = {
			isa = PBXProject;
			attributes = {
				LastSwiftUpdateCheck = 0920;
				LastUpgradeCheck = 0920;
				ORGANIZATIONNAME = "Devontae Reid";
				TargetAttributes = {
					219261AE1FEC6E5A00F09045 = {
						CreatedOnToolsVersion = 9.2;
						ProvisioningStyle = Automatic;
					};
				};
			};
			buildConfigurationList = 219261AA1FEC6E5A00F09045 /* Build configuration list for PBXProject "To-Do List" */;
			compatibilityVersion = "Xcode 8.0";
			developmentRegion = en;
			hasScannedForEncodings = 0;
			knownRegions = (
				en,
				Base,
			);
			mainGroup = 219261A61FEC6E5A00F09045;
			productRefGroup = 219261B01FEC6E5A00F09045 /* Products */;
			projectDirPath = "";
			projectRoot = "";
			targets = (
				219261AE1FEC6E5A00F09045 /* To-Do List */,
			);
		};
/* End PBXProject section */

/* Begin PBXResourcesBuildPhase section */
		219261AD1FEC6E5A00F09045 /* Resources */ = {
			isa = PBXResourcesBuildPhase;
			buildActionMask = 2147483647;
			files = (
				219261BD1FEC6E5A00F09045 /* LaunchScreen.storyboard in Resources */,
				219261BA1FEC6E5A00F09045 /* Assets.xcassets in Resources */,
			);
			runOnlyForDeploymentPostprocessing = 0;
		};
/* End PBXResourcesBuildPhase section */

/* Begin PBXSourcesBuildPhase section */
		219261AB1FEC6E5A00F09045 /* Sources */ = {
			isa = PBXSourcesBuildPhase;
			buildActionMask = 2147483647;
			files = (
				219261CE1FEC90F500F09045 /* NewTodoTableViewController.swift in Sources */,
				219261CB1FEC740000F09045 /* Extensions.swift in Sources */,
				219261C91FEC71B300F09045 /* Structs.swift in Sources */,
				219261B51FEC6E5A00F09045 /* TodoListViewController.swift in Sources */,
				219261B31FEC6E5A00F09045 /* AppDelegate.swift in Sources */,
				219261C61FEC716200F09045 /* TodoListTableViewCell.swift in Sources */,
			);
			runOnlyForDeploymentPostprocessing = 0;
		};
/* End PBXSourcesBuildPhase section */

/* Begin PBXVariantGroup section */
		219261BB1FEC6E5A00F09045 /* LaunchScreen.storyboard */ = {
			isa = PBXVariantGroup;
			children = (
				219261BC1FEC6E5A00F09045 /* Base */,
			);
			name = LaunchScreen.storyboard;
			sourceTree = "<group>";
		};
/* End PBXVariantGroup section */

/* Begin XCBuildConfiguration section */
		219261BF1FEC6E5A00F09045 /* Debug */ = {
			isa = XCBuildConfiguration;
			buildSettings = {
				ALWAYS_SEARCH_USER_PATHS = NO;
				CLANG_ANALYZER_NONNULL = YES;
				CLANG_ANALYZER_NUMBER_OBJECT_CONVERSION = YES_AGGRESSIVE;
				CLANG_CXX_LANGUAGE_STANDARD = "gnu++14";
				CLANG_CXX_LIBRARY = "libc++";
				CLANG_ENABLE_MODULES = YES;
				CLANG_ENABLE_OBJC_ARC = YES;
				CLANG_WARN_BLOCK_CAPTURE_AUTORELEASING = YES;
				CLANG_WARN_BOOL_CONVERSION = YES;
				CLANG_WARN_COMMA = YES;
				CLANG_WARN_CONSTANT_CONVERSION = YES;
				CLANG_WARN_DIRECT_OBJC_ISA_USAGE = YES_ERROR;
				CLANG_WARN_DOCUMENTATION_COMMENTS = YES;
				CLANG_WARN_EMPTY_BODY = YES;
				CLANG_WARN_ENUM_CONVERSION = YES;
				CLANG_WARN_INFINITE_RECURSION = YES;
				CLANG_WARN_INT_CONVERSION = YES;
				CLANG_WARN_NON_LITERAL_NULL_CONVERSION = YES;
				CLANG_WARN_OBJC_LITERAL_CONVERSION = YES;
				CLANG_WARN_OBJC_ROOT_CLASS = YES_ERROR;
				CLANG_WARN_RANGE_LOOP_ANALYSIS = YES;
				CLANG_WARN_STRICT_PROTOTYPES = YES;
				CLANG_WARN_SUSPICIOUS_MOVE = YES;
				CLANG_WARN_UNGUARDED_AVAILABILITY = YES_AGGRESSIVE;
				CLANG_WARN_UNREACHABLE_CODE = YES;
				CLANG_WARN__DUPLICATE_METHOD_MATCH = YES;
				CODE_SIGN_IDENTITY = "iPhone Developer";
				COPY_PHASE_STRIP = NO;
				DEBUG_INFORMATION_FORMAT = dwarf;
				ENABLE_STRICT_OBJC_MSGSEND = YES;
				ENABLE_TESTABILITY = YES;
				GCC_C_LANGUAGE_STANDARD = gnu11;
				GCC_DYNAMIC_NO_PIC = NO;
				GCC_NO_COMMON_BLOCKS = YES;
				GCC_OPTIMIZATION_LEVEL = 0;
				GCC_PREPROCESSOR_DEFINITIONS = (
					"DEBUG=1",
					"$(inherited)",
				);
				GCC_WARN_64_TO_32_BIT_CONVERSION = YES;
				GCC_WARN_ABOUT_RETURN_TYPE = YES_ERROR;
				GCC_WARN_UNDECLARED_SELECTOR = YES;
				GCC_WARN_UNINITIALIZED_AUTOS = YES_AGGRESSIVE;
				GCC_WARN_UNUSED_FUNCTION = YES;
				GCC_WARN_UNUSED_VARIABLE = YES;
				IPHONEOS_DEPLOYMENT_TARGET = 11.2;
				MTL_ENABLE_DEBUG_INFO = YES;
				ONLY_ACTIVE_ARCH = YES;
				SDKROOT = iphoneos;
				SWIFT_ACTIVE_COMPILATION_CONDITIONS = DEBUG;
				SWIFT_OPTIMIZATION_LEVEL = "-Onone";
			};
			name = Debug;
		};
		219261C01FEC6E5A00F09045 /* Release */ = {
			isa = XCBuildConfiguration;
			buildSettings = {
				ALWAYS_SEARCH_USER_PATHS = NO;
				CLANG_ANALYZER_NONNULL = YES;
				CLANG_ANALYZER_NUMBER_OBJECT_CONVERSION = YES_AGGRESSIVE;
				CLANG_CXX_LANGUAGE_STANDARD = "gnu++14";
				CLANG_CXX_LIBRARY = "libc++";
				CLANG_ENABLE_MODULES = YES;
				CLANG_ENABLE_OBJC_ARC = YES;
				CLANG_WARN_BLOCK_CAPTURE_AUTORELEASING = YES;
				CLANG_WARN_BOOL_CONVERSION = YES;
				CLANG_WARN_COMMA = YES;
				CLANG_WARN_CONSTANT_CONVERSION = YES;
				CLANG_WARN_DIRECT_OBJC_ISA_USAGE = YES_ERROR;
				CLANG_WARN_DOCUMENTATION_COMMENTS = YES;
				CLANG_WARN_EMPTY_BODY = YES;
				CLANG_WARN_ENUM_CONVERSION = YES;
				CLANG_WARN_INFINITE_RECURSION = YES;
				CLANG_WARN_INT_CONVERSION = YES;
				CLANG_WARN_NON_LITERAL_NULL_CONVERSION = YES;
				CLANG_WARN_OBJC_LITERAL_CONVERSION = YES;
				CLANG_WARN_OBJC_ROOT_CLASS = YES_ERROR;
				CLANG_WARN_RANGE_LOOP_ANALYSIS = YES;
				CLANG_WARN_STRICT_PROTOTYPES = YES;
				CLANG_WARN_SUSPICIOUS_MOVE = YES;
				CLANG_WARN_UNGUARDED_AVAILABILITY = YES_AGGRESSIVE;
				CLANG_WARN_UNREACHABLE_CODE = YES;
				CLANG_WARN__DUPLICATE_METHOD_MATCH = YES;
				CODE_SIGN_IDENTITY = "iPhone Developer";
				COPY_PHASE_STRIP = NO;
				DEBUG_INFORMATION_FORMAT = "dwarf-with-dsym";
				ENABLE_NS_ASSERTIONS = NO;
				ENABLE_STRICT_OBJC_MSGSEND = YES;
				GCC_C_LANGUAGE_STANDARD = gnu11;
				GCC_NO_COMMON_BLOCKS = YES;
				GCC_WARN_64_TO_32_BIT_CONVERSION = YES;
				GCC_WARN_ABOUT_RETURN_TYPE = YES_ERROR;
				GCC_WARN_UNDECLARED_SELECTOR = YES;
				GCC_WARN_UNINITIALIZED_AUTOS = YES_AGGRESSIVE;
				GCC_WARN_UNUSED_FUNCTION = YES;
				GCC_WARN_UNUSED_VARIABLE = YES;
				IPHONEOS_DEPLOYMENT_TARGET = 11.2;
				MTL_ENABLE_DEBUG_INFO = NO;
				SDKROOT = iphoneos;
				SWIFT_OPTIMIZATION_LEVEL = "-Owholemodule";
				VALIDATE_PRODUCT = YES;
			};
			name = Release;
		};
		219261C21FEC6E5A00F09045 /* Debug */ = {
			isa = XCBuildConfiguration;
			buildSettings = {
				ASSETCATALOG_COMPILER_APPICON_NAME = AppIcon;
				CODE_SIGN_STYLE = Automatic;
				DEVELOPMENT_TEAM = PQP9S9S72V;
				INFOPLIST_FILE = "To-Do List/Info.plist";
				LD_RUNPATH_SEARCH_PATHS = "$(inherited) @executable_path/Frameworks";
				PRODUCT_BUNDLE_IDENTIFIER = "devdoesit.To-Do-List";
				PRODUCT_NAME = "$(TARGET_NAME)";
				SWIFT_VERSION = 4.0;
				TARGETED_DEVICE_FAMILY = "1,2";
			};
			name = Debug;
		};
		219261C31FEC6E5A00F09045 /* Release */ = {
			isa = XCBuildConfiguration;
			buildSettings = {
				ASSETCATALOG_COMPILER_APPICON_NAME = AppIcon;
				CODE_SIGN_STYLE = Automatic;
				DEVELOPMENT_TEAM = PQP9S9S72V;
				INFOPLIST_FILE = "To-Do List/Info.plist";
				LD_RUNPATH_SEARCH_PATHS = "$(inherited) @executable_path/Frameworks";
				PRODUCT_BUNDLE_IDENTIFIER = "devdoesit.To-Do-List";
				PRODUCT_NAME = "$(TARGET_NAME)";
				SWIFT_VERSION = 4.0;
				TARGETED_DEVICE_FAMILY = "1,2";
			};
			name = Release;
		};
/* End XCBuildConfiguration section */

/* Begin XCConfigurationList section */
		219261AA1FEC6E5A00F09045 /* Build configuration list for PBXProject "To-Do List" */ = {
			isa = XCConfigurationList;
			buildConfigurations = (
				219261BF1FEC6E5A00F09045 /* Debug */,
				219261C01FEC6E5A00F09045 /* Release */,
			);
			defaultConfigurationIsVisible = 0;
			defaultConfigurationName = Release;
		};
		219261C11FEC6E5A00F09045 /* Build configuration list for PBXNativeTarget "To-Do List" */ = {
			isa = XCConfigurationList;
			buildConfigurations = (
				219261C21FEC6E5A00F09045 /* Debug */,
				219261C31FEC6E5A00F09045 /* Release */,
			);
			defaultConfigurationIsVisible = 0;
			defaultConfigurationName = Release;
		};
/* End XCConfigurationList section */
	};
	rootObject = 219261A71FEC6E5A00F09045 /* Project object */;
}
